
Microsoft Visual Studio Solution File, Format Version 12.00
# Visual Studio Version 16
VisualStudioVersion = 16.0.30503.244
MinimumVisualStudioVersion = 10.0.40219.1
Project("{FAE04EC0-301F-11D3-BF4B-00C04F79EFBC}") = "Entidades", "Entidades\Entidades.csproj", "{818F5074-026D-4D92-B17E-F710A2F4CFCF}"
EndProject
Project("{FAE04EC0-301F-11D3-BF4B-00C04F79EFBC}") = "Kwit_E_Mart", "Kwit_E_Mart\Kwit_E_Mart.csproj", "{199251CE-8635-4281-8D22-0A54EC1D583E}"
EndProject
Global
	GlobalSection(SolutionConfigurationPlatforms) = preSolution
		Debug|Any CPU = Debug|Any CPU
		Release|Any CPU = Release|Any CPU
	EndGlobalSection
	GlobalSection(ProjectConfigurationPlatforms) = postSolution
		{818F5074-026D-4D92-B17E-F710A2F4CFCF}.Debug|Any CPU.ActiveCfg = Debug|Any CPU
		{818F5074-026D-4D92-B17E-F710A2F4CFCF}.Debug|Any CPU.Build.0 = Debug|Any CPU
		{818F5074-026D-4D92-B17E-F710A2F4CFCF}.Release|Any CPU.ActiveCfg = Release|Any CPU
		{818F5074-026D-4D92-B17E-F710A2F4CFCF}.Release|Any CPU.Build.0 = Release|Any CPU
		{199251CE-8635-4281-8D22-0A54EC1D583E}.Debug|Any CPU.ActiveCfg = Debug|Any CPU
		{199251CE-8635-4281-8D22-0A54EC1D583E}.Debug|Any CPU.Build.0 = Debug|Any CPU
		{199251CE-8635-4281-8D22-0A54EC1D583E}.Release|Any CPU.ActiveCfg = Release|Any CPU
		{199251CE-8635-4281-8D22-0A54EC1D583E}.Release|Any CPU.Build.0 = Release|Any CPU
	EndGlobalSection
	GlobalSection(SolutionProperties) = preSolution
		HideSolutionNode = FALSE
	EndGlobalSection
	GlobalSection(ExtensibilityGlobals) = postSolution
		SolutionGuid = {A32C55BB-643C-431F-9FA9-1711FBA1F5DE}
	EndGlobalSection
EndGlobal
